
Microsoft Visual Studio Solution File, Format Version 12.00
# Visual Studio Version 16
VisualStudioVersion = 16.0.31829.152
MinimumVisualStudioVersion = 10.0.40219.1
Project("{2150E333-8FDC-42A3-9474-1A3956D46DE8}") = "src", "src", "{F23892F9-CB62-475F-83D7-C7BAD7A1E046}"
EndProject
Project("{2150E333-8FDC-42A3-9474-1A3956D46DE8}") = "Building Blocks", "Building Blocks", "{85198942-7948-481B-B4D3-D95169C30F97}"
EndProject
Project("{2150E333-8FDC-42A3-9474-1A3956D46DE8}") = "Services", "Services", "{9D9CDE9A-9BAC-453F-AF23-A874770A1AEF}"
EndProject
Project("{2150E333-8FDC-42A3-9474-1A3956D46DE8}") = "Identity", "Identity", "{0B907DEF-7888-4CDF-BF61-5680BDDC034C}"
EndProject
Project("{FAE04EC0-301F-11D3-BF4B-00C04F79EFBC}") = "IA.Identity.API", "src\services\IA.Identity.API\IA.Identity.API.csproj", "{13C3CF65-9062-474D-9265-330F1A924369}"
EndProject
Project("{2150E333-8FDC-42A3-9474-1A3956D46DE8}") = "Services", "Services", "{92438F26-E1D5-4381-87C5-1492F3CAC9B1}"
EndProject
Project("{FAE04EC0-301F-11D3-BF4B-00C04F79EFBC}") = "IA.WebAPI.Core", "src\building blocks\IA.WebAPI.Core\IA.WebAPI.Core.csproj", "{59EEA1F9-596E-4ED0-8636-BBFF28AA656B}"
EndProject
Global
	GlobalSection(SolutionConfigurationPlatforms) = preSolution
		Debug|Any CPU = Debug|Any CPU
		Release|Any CPU = Release|Any CPU
	EndGlobalSection
	GlobalSection(ProjectConfigurationPlatforms) = postSolution
		{13C3CF65-9062-474D-9265-330F1A924369}.Debug|Any CPU.ActiveCfg = Debug|Any CPU
		{13C3CF65-9062-474D-9265-330F1A924369}.Debug|Any CPU.Build.0 = Debug|Any CPU
		{13C3CF65-9062-474D-9265-330F1A924369}.Release|Any CPU.ActiveCfg = Release|Any CPU
		{13C3CF65-9062-474D-9265-330F1A924369}.Release|Any CPU.Build.0 = Release|Any CPU
		{59EEA1F9-596E-4ED0-8636-BBFF28AA656B}.Debug|Any CPU.ActiveCfg = Debug|Any CPU
		{59EEA1F9-596E-4ED0-8636-BBFF28AA656B}.Debug|Any CPU.Build.0 = Debug|Any CPU
		{59EEA1F9-596E-4ED0-8636-BBFF28AA656B}.Release|Any CPU.ActiveCfg = Release|Any CPU
		{59EEA1F9-596E-4ED0-8636-BBFF28AA656B}.Release|Any CPU.Build.0 = Release|Any CPU
	EndGlobalSection
	GlobalSection(SolutionProperties) = preSolution
		HideSolutionNode = FALSE
	EndGlobalSection
	GlobalSection(NestedProjects) = preSolution
		{85198942-7948-481B-B4D3-D95169C30F97} = {F23892F9-CB62-475F-83D7-C7BAD7A1E046}
		{9D9CDE9A-9BAC-453F-AF23-A874770A1AEF} = {F23892F9-CB62-475F-83D7-C7BAD7A1E046}
		{0B907DEF-7888-4CDF-BF61-5680BDDC034C} = {9D9CDE9A-9BAC-453F-AF23-A874770A1AEF}
		{13C3CF65-9062-474D-9265-330F1A924369} = {0B907DEF-7888-4CDF-BF61-5680BDDC034C}
		{92438F26-E1D5-4381-87C5-1492F3CAC9B1} = {85198942-7948-481B-B4D3-D95169C30F97}
		{59EEA1F9-596E-4ED0-8636-BBFF28AA656B} = {92438F26-E1D5-4381-87C5-1492F3CAC9B1}
	EndGlobalSection
	GlobalSection(ExtensibilityGlobals) = postSolution
		SolutionGuid = {F1E156FA-9980-4438-A6A5-3D1614595DA3}
	EndGlobalSection
EndGlobal
